// !$*UTF8*$!
{
	archiveVersion = 1;
	classes = {
	};
	objectVersion = 56;
	objects = {

/* Begin PBXBuildFile section */
		828AB54E2A65429300E823BF /* AppDelegate.swift in Sources */ = {isa = PBXBuildFile; fileRef = 828AB54D2A65429300E823BF /* AppDelegate.swift */; };
		828AB5502A65429300E823BF /* SceneDelegate.swift in Sources */ = {isa = PBXBuildFile; fileRef = 828AB54F2A65429300E823BF /* SceneDelegate.swift */; };
		828AB5522A65429300E823BF /* ViewController.swift in Sources */ = {isa = PBXBuildFile; fileRef = 828AB5512A65429300E823BF /* ViewController.swift */; };
		828AB5552A65429300E823BF /* Main.storyboard in Resources */ = {isa = PBXBuildFile; fileRef = 828AB5532A65429300E823BF /* Main.storyboard */; };
		828AB5572A65429400E823BF /* Assets.xcassets in Resources */ = {isa = PBXBuildFile; fileRef = 828AB5562A65429400E823BF /* Assets.xcassets */; };
		828AB55A2A65429400E823BF /* LaunchScreen.storyboard in Resources */ = {isa = PBXBuildFile; fileRef = 828AB5582A65429400E823BF /* LaunchScreen.storyboard */; };
		828AB5652A65429400E823BF /* tap_touchTests.swift in Sources */ = {isa = PBXBuildFile; fileRef = 828AB5642A65429400E823BF /* tap_touchTests.swift */; };
		828AB56F2A65429400E823BF /* tap_touchUITests.swift in Sources */ = {isa = PBXBuildFile; fileRef = 828AB56E2A65429400E823BF /* tap_touchUITests.swift */; };
		828AB5712A65429400E823BF /* tap_touchUITestsLaunchTests.swift in Sources */ = {isa = PBXBuildFile; fileRef = 828AB5702A65429400E823BF /* tap_touchUITestsLaunchTests.swift */; };
/* End PBXBuildFile section */

/* Begin PBXContainerItemProxy section */
		828AB5612A65429400E823BF /* PBXContainerItemProxy */ = {
			isa = PBXContainerItemProxy;
			containerPortal = 828AB5422A65429300E823BF /* Project object */;
			proxyType = 1;
			remoteGlobalIDString = 828AB5492A65429300E823BF;
			remoteInfo = tap_touch;
		};
		828AB56B2A65429400E823BF /* PBXContainerItemProxy */ = {
			isa = PBXContainerItemProxy;
			containerPortal = 828AB5422A65429300E823BF /* Project object */;
			proxyType = 1;
			remoteGlobalIDString = 828AB5492A65429300E823BF;
			remoteInfo = tap_touch;
		};
/* End PBXContainerItemProxy section */

/* Begin PBXFileReference section */
		828AB54A2A65429300E823BF /* tap_touch.app */ = {isa = PBXFileReference; explicitFileType = wrapper.application; includeInIndex = 0; path = tap_touch.app; sourceTree = BUILT_PRODUCTS_DIR; };
		828AB54D2A65429300E823BF /* AppDelegate.swift */ = {isa = PBXFileReference; lastKnownFileType = sourcecode.swift; path = AppDelegate.swift; sourceTree = "<group>"; };
		828AB54F2A65429300E823BF /* SceneDelegate.swift */ = {isa = PBXFileReference; lastKnownFileType = sourcecode.swift; path = SceneDelegate.swift; sourceTree = "<group>"; };
		828AB5512A65429300E823BF /* ViewController.swift */ = {isa = PBXFileReference; lastKnownFileType = sourcecode.swift; path = ViewController.swift; sourceTree = "<group>"; };
		828AB5542A65429300E823BF /* Base */ = {isa = PBXFileReference; lastKnownFileType = file.storyboard; name = Base; path = Base.lproj/Main.storyboard; sourceTree = "<group>"; };
		828AB5562A65429400E823BF /* Assets.xcassets */ = {isa = PBXFileReference; lastKnownFileType = folder.assetcatalog; path = Assets.xcassets; sourceTree = "<group>"; };
		828AB5592A65429400E823BF /* Base */ = {isa = PBXFileReference; lastKnownFileType = file.storyboard; name = Base; path = Base.lproj/LaunchScreen.storyboard; sourceTree = "<group>"; };
		828AB55B2A65429400E823BF /* Info.plist */ = {isa = PBXFileReference; lastKnownFileType = text.plist.xml; path = Info.plist; sourceTree = "<group>"; };
		828AB5602A65429400E823BF /* tap_touchTests.xctest */ = {isa = PBXFileReference; explicitFileType = wrapper.cfbundle; includeInIndex = 0; path = tap_touchTests.xctest; sourceTree = BUILT_PRODUCTS_DIR; };
		828AB5642A65429400E823BF /* tap_touchTests.swift */ = {isa = PBXFileReference; lastKnownFileType = sourcecode.swift; path = tap_touchTests.swift; sourceTree = "<group>"; };
		828AB56A2A65429400E823BF /* tap_touchUITests.xctest */ = {isa = PBXFileReference; explicitFileType = wrapper.cfbundle; includeInIndex = 0; path = tap_touchUITests.xctest; sourceTree = BUILT_PRODUCTS_DIR; };
		828AB56E2A65429400E823BF /* tap_touchUITests.swift */ = {isa = PBXFileReference; lastKnownFileType = sourcecode.swift; path = tap_touchUITests.swift; sourceTree = "<group>"; };
		828AB5702A65429400E823BF /* tap_touchUITestsLaunchTests.swift */ = {isa = PBXFileReference; lastKnownFileType = sourcecode.swift; path = tap_touchUITestsLaunchTests.swift; sourceTree = "<group>"; };
/* End PBXFileReference section */

/* Begin PBXFrameworksBuildPhase section */
		828AB5472A65429300E823BF /* Frameworks */ = {
			isa = PBXFrameworksBuildPhase;
			buildActionMask = 2147483647;
			files = (
			);
			runOnlyForDeploymentPostprocessing = 0;
		};
		828AB55D2A65429400E823BF /* Frameworks */ = {
			isa = PBXFrameworksBuildPhase;
			buildActionMask = 2147483647;
			files = (
			);
			runOnlyForDeploymentPostprocessing = 0;
		};
		828AB5672A65429400E823BF /* Frameworks */ = {
			isa = PBXFrameworksBuildPhase;
			buildActionMask = 2147483647;
			files = (
			);
			runOnlyForDeploymentPostprocessing = 0;
		};
/* End PBXFrameworksBuildPhase section */

/* Begin PBXGroup section */
		828AB5412A65429300E823BF = {
			isa = PBXGroup;
			children = (
				828AB54C2A65429300E823BF /* tap_touch */,
				828AB5632A65429400E823BF /* tap_touchTests */,
				828AB56D2A65429400E823BF /* tap_touchUITests */,
				828AB54B2A65429300E823BF /* Products */,
			);
			sourceTree = "<group>";
		};
		828AB54B2A65429300E823BF /* Products */ = {
			isa = PBXGroup;
			children = (
				828AB54A2A65429300E823BF /* tap_touch.app */,
				828AB5602A65429400E823BF /* tap_touchTests.xctest */,
				828AB56A2A65429400E823BF /* tap_touchUITests.xctest */,
			);
			name = Products;
			sourceTree = "<group>";
		};
		828AB54C2A65429300E823BF /* tap_touch */ = {
			isa = PBXGroup;
			children = (
				828AB54D2A65429300E823BF /* AppDelegate.swift */,
				828AB54F2A65429300E823BF /* SceneDelegate.swift */,
				828AB5512A65429300E823BF /* ViewController.swift */,
				828AB5532A65429300E823BF /* Main.storyboard */,
				828AB5562A65429400E823BF /* Assets.xcassets */,
				828AB5582A65429400E823BF /* LaunchScreen.storyboard */,
				828AB55B2A65429400E823BF /* Info.plist */,
			);
			path = tap_touch;
			sourceTree = "<group>";
		};
		828AB5632A65429400E823BF /* tap_touchTests */ = {
			isa = PBXGroup;
			children = (
				828AB5642A65429400E823BF /* tap_touchTests.swift */,
			);
			path = tap_touchTests;
			sourceTree = "<group>";
		};
		828AB56D2A65429400E823BF /* tap_touchUITests */ = {
			isa = PBXGroup;
			children = (
				828AB56E2A65429400E823BF /* tap_touchUITests.swift */,
				828AB5702A65429400E823BF /* tap_touchUITestsLaunchTests.swift */,
			);
			path = tap_touchUITests;
			sourceTree = "<group>";
		};
/* End PBXGroup section */

/* Begin PBXNativeTarget section */
		828AB5492A65429300E823BF /* tap_touch */ = {
			isa = PBXNativeTarget;
			buildConfigurationList = 828AB5742A65429400E823BF /* Build configuration list for PBXNativeTarget "tap_touch" */;
			buildPhases = (
				828AB5462A65429300E823BF /* Sources */,
				828AB5472A65429300E823BF /* Frameworks */,
				828AB5482A65429300E823BF /* Resources */,
			);
			buildRules = (
			);
			dependencies = (
			);
			name = tap_touch;
			productName = tap_touch;
			productReference = 828AB54A2A65429300E823BF /* tap_touch.app */;
			productType = "com.apple.product-type.application";
		};
		828AB55F2A65429400E823BF /* tap_touchTests */ = {
			isa = PBXNativeTarget;
			buildConfigurationList = 828AB5772A65429400E823BF /* Build configuration list for PBXNativeTarget "tap_touchTests" */;
			buildPhases = (
				828AB55C2A65429400E823BF /* Sources */,
				828AB55D2A65429400E823BF /* Frameworks */,
				828AB55E2A65429400E823BF /* Resources */,
			);
			buildRules = (
			);
			dependencies = (
				828AB5622A65429400E823BF /* PBXTargetDependency */,
			);
			name = tap_touchTests;
			productName = tap_touchTests;
			productReference = 828AB5602A65429400E823BF /* tap_touchTests.xctest */;
			productType = "com.apple.product-type.bundle.unit-test";
		};
		828AB5692A65429400E823BF /* tap_touchUITests */ = {
			isa = PBXNativeTarget;
			buildConfigurationList = 828AB57A2A65429400E823BF /* Build configuration list for PBXNativeTarget "tap_touchUITests" */;
			buildPhases = (
				828AB5662A65429400E823BF /* Sources */,
				828AB5672A65429400E823BF /* Frameworks */,
				828AB5682A65429400E823BF /* Resources */,
			);
			buildRules = (
			);
			dependencies = (
				828AB56C2A65429400E823BF /* PBXTargetDependency */,
			);
			name = tap_touchUITests;
			productName = tap_touchUITests;
			productReference = 828AB56A2A65429400E823BF /* tap_touchUITests.xctest */;
			productType = "com.apple.product-type.bundle.ui-testing";
		};
/* End PBXNativeTarget section */

/* Begin PBXProject section */
		828AB5422A65429300E823BF /* Project object */ = {
			isa = PBXProject;
			attributes = {
				BuildIndependentTargetsInParallel = 1;
				LastSwiftUpdateCheck = 1430;
				LastUpgradeCheck = 1430;
				TargetAttributes = {
					828AB5492A65429300E823BF = {
						CreatedOnToolsVersion = 14.3.1;
					};
					828AB55F2A65429400E823BF = {
						CreatedOnToolsVersion = 14.3.1;
						TestTargetID = 828AB5492A65429300E823BF;
					};
					828AB5692A65429400E823BF = {
						CreatedOnToolsVersion = 14.3.1;
						TestTargetID = 828AB5492A65429300E823BF;
					};
				};
			};
			buildConfigurationList = 828AB5452A65429300E823BF /* Build configuration list for PBXProject "tap_touch" */;
			compatibilityVersion = "Xcode 14.0";
			developmentRegion = en;
			hasScannedForEncodings = 0;
			knownRegions = (
				en,
				Base,
			);
			mainGroup = 828AB5412A65429300E823BF;
			productRefGroup = 828AB54B2A65429300E823BF /* Products */;
			projectDirPath = "";
			projectRoot = "";
			targets = (
				828AB5492A65429300E823BF /* tap_touch */,
				828AB55F2A65429400E823BF /* tap_touchTests */,
				828AB5692A65429400E823BF /* tap_touchUITests */,
			);
		};
/* End PBXProject section */

/* Begin PBXResourcesBuildPhase section */
		828AB5482A65429300E823BF /* Resources */ = {
			isa = PBXResourcesBuildPhase;
			buildActionMask = 2147483647;
			files = (
				828AB55A2A65429400E823BF /* LaunchScreen.storyboard in Resources */,
				828AB5572A65429400E823BF /* Assets.xcassets in Resources */,
				828AB5552A65429300E823BF /* Main.storyboard in Resources */,
			);
			runOnlyForDeploymentPostprocessing = 0;
		};
		828AB55E2A65429400E823BF /* Resources */ = {
			isa = PBXResourcesBuildPhase;
			buildActionMask = 2147483647;
			files = (
			);
			runOnlyForDeploymentPostprocessing = 0;
		};
		828AB5682A65429400E823BF /* Resources */ = {
			isa = PBXResourcesBuildPhase;
			buildActionMask = 2147483647;
			files = (
			);
			runOnlyForDeploymentPostprocessing = 0;
		};
/* End PBXResourcesBuildPhase section */

/* Begin PBXSourcesBuildPhase section */
		828AB5462A65429300E823BF /* Sources */ = {
			isa = PBXSourcesBuildPhase;
			buildActionMask = 2147483647;
			files = (
				828AB5522A65429300E823BF /* ViewController.swift in Sources */,
				828AB54E2A65429300E823BF /* AppDelegate.swift in Sources */,
				828AB5502A65429300E823BF /* SceneDelegate.swift in Sources */,
			);
			runOnlyForDeploymentPostprocessing = 0;
		};
		828AB55C2A65429400E823BF /* Sources */ = {
			isa = PBXSourcesBuildPhase;
			buildActionMask = 2147483647;
			files = (
				828AB5652A65429400E823BF /* tap_touchTests.swift in Sources */,
			);
			runOnlyForDeploymentPostprocessing = 0;
		};
		828AB5662A65429400E823BF /* Sources */ = {
			isa = PBXSourcesBuildPhase;
			buildActionMask = 2147483647;
			files = (
				828AB5712A65429400E823BF /* tap_touchUITestsLaunchTests.swift in Sources */,
				828AB56F2A65429400E823BF /* tap_touchUITests.swift in Sources */,
			);
			runOnlyForDeploymentPostprocessing = 0;
		};
/* End PBXSourcesBuildPhase section */

/* Begin PBXTargetDependency section */
		828AB5622A65429400E823BF /* PBXTargetDependency */ = {
			isa = PBXTargetDependency;
			target = 828AB5492A65429300E823BF /* tap_touch */;
			targetProxy = 828AB5612A65429400E823BF /* PBXContainerItemProxy */;
		};
		828AB56C2A65429400E823BF /* PBXTargetDependency */ = {
			isa = PBXTargetDependency;
			target = 828AB5492A65429300E823BF /* tap_touch */;
			targetProxy = 828AB56B2A65429400E823BF /* PBXContainerItemProxy */;
		};
/* End PBXTargetDependency section */

/* Begin PBXVariantGroup section */
		828AB5532A65429300E823BF /* Main.storyboard */ = {
			isa = PBXVariantGroup;
			children = (
				828AB5542A65429300E823BF /* Base */,
			);
			name = Main.storyboard;
			sourceTree = "<group>";
		};
		828AB5582A65429400E823BF /* LaunchScreen.storyboard */ = {
			isa = PBXVariantGroup;
			children = (
				828AB5592A65429400E823BF /* Base */,
			);
			name = LaunchScreen.storyboard;
			sourceTree = "<group>";
		};
/* End PBXVariantGroup section */

/* Begin XCBuildConfiguration section */
		828AB5722A65429400E823BF /* Debug */ = {
			isa = XCBuildConfiguration;
			buildSettings = {
				ALWAYS_SEARCH_USER_PATHS = NO;
				CLANG_ANALYZER_NONNULL = YES;
				CLANG_ANALYZER_NUMBER_OBJECT_CONVERSION = YES_AGGRESSIVE;
				CLANG_CXX_LANGUAGE_STANDARD = "gnu++20";
				CLANG_ENABLE_MODULES = YES;
				CLANG_ENABLE_OBJC_ARC = YES;
				CLANG_ENABLE_OBJC_WEAK = YES;
				CLANG_WARN_BLOCK_CAPTURE_AUTORELEASING = YES;
				CLANG_WARN_BOOL_CONVERSION = YES;
				CLANG_WARN_COMMA = YES;
				CLANG_WARN_CONSTANT_CONVERSION = YES;
				CLANG_WARN_DEPRECATED_OBJC_IMPLEMENTATIONS = YES;
				CLANG_WARN_DIRECT_OBJC_ISA_USAGE = YES_ERROR;
				CLANG_WARN_DOCUMENTATION_COMMENTS = YES;
				CLANG_WARN_EMPTY_BODY = YES;
				CLANG_WARN_ENUM_CONVERSION = YES;
				CLANG_WARN_INFINITE_RECURSION = YES;
				CLANG_WARN_INT_CONVERSION = YES;
				CLANG_WARN_NON_LITERAL_NULL_CONVERSION = YES;
				CLANG_WARN_OBJC_IMPLICIT_RETAIN_SELF = YES;
				CLANG_WARN_OBJC_LITERAL_CONVERSION = YES;
				CLANG_WARN_OBJC_ROOT_CLASS = YES_ERROR;
				CLANG_WARN_QUOTED_INCLUDE_IN_FRAMEWORK_HEADER = YES;
				CLANG_WARN_RANGE_LOOP_ANALYSIS = YES;
				CLANG_WARN_STRICT_PROTOTYPES = YES;
				CLANG_WARN_SUSPICIOUS_MOVE = YES;
				CLANG_WARN_UNGUARDED_AVAILABILITY = YES_AGGRESSIVE;
				CLANG_WARN_UNREACHABLE_CODE = YES;
				CLANG_WARN__DUPLICATE_METHOD_MATCH = YES;
				COPY_PHASE_STRIP = NO;
				DEBUG_INFORMATION_FORMAT = dwarf;
				ENABLE_STRICT_OBJC_MSGSEND = YES;
				ENABLE_TESTABILITY = YES;
				GCC_C_LANGUAGE_STANDARD = gnu11;
				GCC_DYNAMIC_NO_PIC = NO;
				GCC_NO_COMMON_BLOCKS = YES;
				GCC_OPTIMIZATION_LEVEL = 0;
				GCC_PREPROCESSOR_DEFINITIONS = (
					"DEBUG=1",
					"$(inherited)",
				);
				GCC_WARN_64_TO_32_BIT_CONVERSION = YES;
				GCC_WARN_ABOUT_RETURN_TYPE = YES_ERROR;
				GCC_WARN_UNDECLARED_SELECTOR = YES;
				GCC_WARN_UNINITIALIZED_AUTOS = YES_AGGRESSIVE;
				GCC_WARN_UNUSED_FUNCTION = YES;
				GCC_WARN_UNUSED_VARIABLE = YES;
				IPHONEOS_DEPLOYMENT_TARGET = 16.4;
				MTL_ENABLE_DEBUG_INFO = INCLUDE_SOURCE;
				MTL_FAST_MATH = YES;
				ONLY_ACTIVE_ARCH = YES;
				SDKROOT = iphoneos;
				SWIFT_ACTIVE_COMPILATION_CONDITIONS = DEBUG;
				SWIFT_OPTIMIZATION_LEVEL = "-Onone";
			};
			name = Debug;
		};
		828AB5732A65429400E823BF /* Release */ = {
			isa = XCBuildConfiguration;
			buildSettings = {
				ALWAYS_SEARCH_USER_PATHS = NO;
				CLANG_ANALYZER_NONNULL = YES;
				CLANG_ANALYZER_NUMBER_OBJECT_CONVERSION = YES_AGGRESSIVE;
				CLANG_CXX_LANGUAGE_STANDARD = "gnu++20";
				CLANG_ENABLE_MODULES = YES;
				CLANG_ENABLE_OBJC_ARC = YES;
				CLANG_ENABLE_OBJC_WEAK = YES;
				CLANG_WARN_BLOCK_CAPTURE_AUTORELEASING = YES;
				CLANG_WARN_BOOL_CONVERSION = YES;
				CLANG_WARN_COMMA = YES;
				CLANG_WARN_CONSTANT_CONVERSION = YES;
				CLANG_WARN_DEPRECATED_OBJC_IMPLEMENTATIONS = YES;
				CLANG_WARN_DIRECT_OBJC_ISA_USAGE = YES_ERROR;
				CLANG_WARN_DOCUMENTATION_COMMENTS = YES;
				CLANG_WARN_EMPTY_BODY = YES;
				CLANG_WARN_ENUM_CONVERSION = YES;
				CLANG_WARN_INFINITE_RECURSION = YES;
				CLANG_WARN_INT_CONVERSION = YES;
				CLANG_WARN_NON_LITERAL_NULL_CONVERSION = YES;
				CLANG_WARN_OBJC_IMPLICIT_RETAIN_SELF = YES;
				CLANG_WARN_OBJC_LITERAL_CONVERSION = YES;
				CLANG_WARN_OBJC_ROOT_CLASS = YES_ERROR;
				CLANG_WARN_QUOTED_INCLUDE_IN_FRAMEWORK_HEADER = YES;
				CLANG_WARN_RANGE_LOOP_ANALYSIS = YES;
				CLANG_WARN_STRICT_PROTOTYPES = YES;
				CLANG_WARN_SUSPICIOUS_MOVE = YES;
				CLANG_WARN_UNGUARDED_AVAILABILITY = YES_AGGRESSIVE;
				CLANG_WARN_UNREACHABLE_CODE = YES;
				CLANG_WARN__DUPLICATE_METHOD_MATCH = YES;
				COPY_PHASE_STRIP = NO;
				DEBUG_INFORMATION_FORMAT = "dwarf-with-dsym";
				ENABLE_NS_ASSERTIONS = NO;
				ENABLE_STRICT_OBJC_MSGSEND = YES;
				GCC_C_LANGUAGE_STANDARD = gnu11;
				GCC_NO_COMMON_BLOCKS = YES;
				GCC_WARN_64_TO_32_BIT_CONVERSION = YES;
				GCC_WARN_ABOUT_RETURN_TYPE = YES_ERROR;
				GCC_WARN_UNDECLARED_SELECTOR = YES;
				GCC_WARN_UNINITIALIZED_AUTOS = YES_AGGRESSIVE;
				GCC_WARN_UNUSED_FUNCTION = YES;
				GCC_WARN_UNUSED_VARIABLE = YES;
				IPHONEOS_DEPLOYMENT_TARGET = 16.4;
				MTL_ENABLE_DEBUG_INFO = NO;
				MTL_FAST_MATH = YES;
				SDKROOT = iphoneos;
				SWIFT_COMPILATION_MODE = wholemodule;
				SWIFT_OPTIMIZATION_LEVEL = "-O";
				VALIDATE_PRODUCT = YES;
			};
			name = Release;
		};
		828AB5752A65429400E823BF /* Debug */ = {
			isa = XCBuildConfiguration;
			buildSettings = {
				ASSETCATALOG_COMPILER_APPICON_NAME = AppIcon;
				ASSETCATALOG_COMPILER_GLOBAL_ACCENT_COLOR_NAME = AccentColor;
				CODE_SIGN_STYLE = Automatic;
				CURRENT_PROJECT_VERSION = 1;
				DEVELOPMENT_TEAM = 977C44PQHL;
				GENERATE_INFOPLIST_FILE = YES;
				INFOPLIST_FILE = tap_touch/Info.plist;
				INFOPLIST_KEY_UIApplicationSupportsIndirectInputEvents = YES;
				INFOPLIST_KEY_UILaunchStoryboardName = LaunchScreen;
				INFOPLIST_KEY_UIMainStoryboardFile = Main;
				INFOPLIST_KEY_UISupportedInterfaceOrientations_iPad = "UIInterfaceOrientationPortrait UIInterfaceOrientationPortraitUpsideDown UIInterfaceOrientationLandscapeLeft UIInterfaceOrientationLandscapeRight";
				INFOPLIST_KEY_UISupportedInterfaceOrientations_iPhone = "UIInterfaceOrientationPortrait UIInterfaceOrientationLandscapeLeft UIInterfaceOrientationLandscapeRight";
				LD_RUNPATH_SEARCH_PATHS = (
					"$(inherited)",
					"@executable_path/Frameworks",
				);
				MARKETING_VERSION = 1.0;
				PRODUCT_BUNDLE_IDENTIFIER = "tydevelopers.com.tap-touch";
				PRODUCT_NAME = "$(TARGET_NAME)";
				SWIFT_EMIT_LOC_STRINGS = YES;
				SWIFT_VERSION = 5.0;
				TARGETED_DEVICE_FAMILY = "1,2";
			};
			name = Debug;
		};
		828AB5762A65429400E823BF /* Release */ = {
			isa = XCBuildConfiguration;
			buildSettings = {
				ASSETCATALOG_COMPILER_APPICON_NAME = AppIcon;
				ASSETCATALOG_COMPILER_GLOBAL_ACCENT_COLOR_NAME = AccentColor;
				CODE_SIGN_STYLE = Automatic;
				CURRENT_PROJECT_VERSION = 1;
				DEVELOPMENT_TEAM = 977C44PQHL;
				GENERATE_INFOPLIST_FILE = YES;
				INFOPLIST_FILE = tap_touch/Info.plist;
				INFOPLIST_KEY_UIApplicationSupportsIndirectInputEvents = YES;
				INFOPLIST_KEY_UILaunchStoryboardName = LaunchScreen;
				INFOPLIST_KEY_UIMainStoryboardFile = Main;
				INFOPLIST_KEY_UISupportedInterfaceOrientations_iPad = "UIInterfaceOrientationPortrait UIInterfaceOrientationPortraitUpsideDown UIInterfaceOrientationLandscapeLeft UIInterfaceOrientationLandscapeRight";
				INFOPLIST_KEY_UISupportedInterfaceOrientations_iPhone = "UIInterfaceOrientationPortrait UIInterfaceOrientationLandscapeLeft UIInterfaceOrientationLandscapeRight";
				LD_RUNPATH_SEARCH_PATHS = (
					"$(inherited)",
					"@executable_path/Frameworks",
				);
				MARKETING_VERSION = 1.0;
				PRODUCT_BUNDLE_IDENTIFIER = "tydevelopers.com.tap-touch";
				PRODUCT_NAME = "$(TARGET_NAME)";
				SWIFT_EMIT_LOC_STRINGS = YES;
				SWIFT_VERSION = 5.0;
				TARGETED_DEVICE_FAMILY = "1,2";
			};
			name = Release;
		};
		828AB5782A65429400E823BF /* Debug */ = {
			isa = XCBuildConfiguration;
			buildSettings = {
				ALWAYS_EMBED_SWIFT_STANDARD_LIBRARIES = YES;
				BUNDLE_LOADER = "$(TEST_HOST)";
				CODE_SIGN_STYLE = Automatic;
				CURRENT_PROJECT_VERSION = 1;
				DEVELOPMENT_TEAM = 977C44PQHL;
				GENERATE_INFOPLIST_FILE = YES;
				IPHONEOS_DEPLOYMENT_TARGET = 16.4;
				MARKETING_VERSION = 1.0;
				PRODUCT_BUNDLE_IDENTIFIER = "tydevelopers.com.tap-touchTests";
				PRODUCT_NAME = "$(TARGET_NAME)";
				SWIFT_EMIT_LOC_STRINGS = NO;
				SWIFT_VERSION = 5.0;
				TARGETED_DEVICE_FAMILY = "1,2";
				TEST_HOST = "$(BUILT_PRODUCTS_DIR)/tap_touch.app/$(BUNDLE_EXECUTABLE_FOLDER_PATH)/tap_touch";
			};
			name = Debug;
		};
		828AB5792A65429400E823BF /* Release */ = {
			isa = XCBuildConfiguration;
			buildSettings = {
				ALWAYS_EMBED_SWIFT_STANDARD_LIBRARIES = YES;
				BUNDLE_LOADER = "$(TEST_HOST)";
				CODE_SIGN_STYLE = Automatic;
				CURRENT_PROJECT_VERSION = 1;
				DEVELOPMENT_TEAM = 977C44PQHL;
				GENERATE_INFOPLIST_FILE = YES;
				IPHONEOS_DEPLOYMENT_TARGET = 16.4;
				MARKETING_VERSION = 1.0;
				PRODUCT_BUNDLE_IDENTIFIER = "tydevelopers.com.tap-touchTests";
				PRODUCT_NAME = "$(TARGET_NAME)";
				SWIFT_EMIT_LOC_STRINGS = NO;
				SWIFT_VERSION = 5.0;
				TARGETED_DEVICE_FAMILY = "1,2";
				TEST_HOST = "$(BUILT_PRODUCTS_DIR)/tap_touch.app/$(BUNDLE_EXECUTABLE_FOLDER_PATH)/tap_touch";
			};
			name = Release;
		};
		828AB57B2A65429400E823BF /* Debug */ = {
			isa = XCBuildConfiguration;
			buildSettings = {
				ALWAYS_EMBED_SWIFT_STANDARD_LIBRARIES = YES;
				CODE_SIGN_STYLE = Automatic;
				CURRENT_PROJECT_VERSION = 1;
				DEVELOPMENT_TEAM = 977C44PQHL;
				GENERATE_INFOPLIST_FILE = YES;
				MARKETING_VERSION = 1.0;
				PRODUCT_BUNDLE_IDENTIFIER = "tydevelopers.com.tap-touchUITests";
				PRODUCT_NAME = "$(TARGET_NAME)";
				SWIFT_EMIT_LOC_STRINGS = NO;
				SWIFT_VERSION = 5.0;
				TARGETED_DEVICE_FAMILY = "1,2";
				TEST_TARGET_NAME = tap_touch;
			};
			name = Debug;
		};
		828AB57C2A65429400E823BF /* Release */ = {
			isa = XCBuildConfiguration;
			buildSettings = {
				ALWAYS_EMBED_SWIFT_STANDARD_LIBRARIES = YES;
				CODE_SIGN_STYLE = Automatic;
				CURRENT_PROJECT_VERSION = 1;
				DEVELOPMENT_TEAM = 977C44PQHL;
				GENERATE_INFOPLIST_FILE = YES;
				MARKETING_VERSION = 1.0;
				PRODUCT_BUNDLE_IDENTIFIER = "tydevelopers.com.tap-touchUITests";
				PRODUCT_NAME = "$(TARGET_NAME)";
				SWIFT_EMIT_LOC_STRINGS = NO;
				SWIFT_VERSION = 5.0;
				TARGETED_DEVICE_FAMILY = "1,2";
				TEST_TARGET_NAME = tap_touch;
			};
			name = Release;
		};
/* End XCBuildConfiguration section */

/* Begin XCConfigurationList section */
		828AB5452A65429300E823BF /* Build configuration list for PBXProject "tap_touch" */ = {
			isa = XCConfigurationList;
			buildConfigurations = (
				828AB5722A65429400E823BF /* Debug */,
				828AB5732A65429400E823BF /* Release */,
			);
			defaultConfigurationIsVisible = 0;
			defaultConfigurationName = Release;
		};
		828AB5742A65429400E823BF /* Build configuration list for PBXNativeTarget "tap_touch" */ = {
			isa = XCConfigurationList;
			buildConfigurations = (
				828AB5752A65429400E823BF /* Debug */,
				828AB5762A65429400E823BF /* Release */,
			);
			defaultConfigurationIsVisible = 0;
			defaultConfigurationName = Release;
		};
		828AB5772A65429400E823BF /* Build configuration list for PBXNativeTarget "tap_touchTests" */ = {
			isa = XCConfigurationList;
			buildConfigurations = (
				828AB5782A65429400E823BF /* Debug */,
				828AB5792A65429400E823BF /* Release */,
			);
			defaultConfigurationIsVisible = 0;
			defaultConfigurationName = Release;
		};
		828AB57A2A65429400E823BF /* Build configuration list for PBXNativeTarget "tap_touchUITests" */ = {
			isa = XCConfigurationList;
			buildConfigurations = (
				828AB57B2A65429400E823BF /* Debug */,
				828AB57C2A65429400E823BF /* Release */,
			);
			defaultConfigurationIsVisible = 0;
			defaultConfigurationName = Release;
		};
/* End XCConfigurationList section */
	};
	rootObject = 828AB5422A65429300E823BF /* Project object */;
}
